
Microsoft Visual Studio Solution File, Format Version 12.00
# Visual Studio 15
VisualStudioVersion = 15.0.27130.2010
MinimumVisualStudioVersion = 10.0.40219.1
Project("{2150E333-8FDC-42A3-9474-1A3956D46DE8}") = "Fate.Web", "Fate.Web", "{EF523576-D3A1-4134-949C-59C692EA4ACB}"
EndProject
Project("{2150E333-8FDC-42A3-9474-1A3956D46DE8}") = "Fate.Core", "Fate.Core", "{C69E127D-BCB7-49DC-B1DD-2113B0123F3F}"
EndProject
Project("{2150E333-8FDC-42A3-9474-1A3956D46DE8}") = "Fate.Tools", "Fate.Tools", "{01EF26BF-FEBA-46D5-949E-53E980AE6A46}"
EndProject
Project("{2150E333-8FDC-42A3-9474-1A3956D46DE8}") = "Fate.Models", "Fate.Models", "{81190C09-DB9F-48BE-A580-DB19B4B2C186}"
EndProject
Project("{9A19103F-16F7-4668-BE54-9A1E7A4F7556}") = "Fate.Admin", "Fate.Admin\Fate.Admin.csproj", "{10D6B4C0-F7E3-4532-9461-8BB5E2AE3420}"
EndProject
Project("{9A19103F-16F7-4668-BE54-9A1E7A4F7556}") = "SqlSugarBase", "SqlSugarBase\SqlSugarBase.csproj", "{76C371ED-99B9-41E9-9A3B-9AB39348BDB7}"
EndProject
Project("{9A19103F-16F7-4668-BE54-9A1E7A4F7556}") = "Models", "Models\Models.csproj", "{BA08CCE8-5CB2-454A-A3D6-E231718F98B4}"
EndProject
Project("{9A19103F-16F7-4668-BE54-9A1E7A4F7556}") = "Fate.EfContext", "Fate.EfContext\Fate.EfContext.csproj", "{107EEEF4-F283-4846-A5BB-247693757581}"
EndProject
Project("{2150E333-8FDC-42A3-9474-1A3956D46DE8}") = "Fate.IdentityServer4", "Fate.IdentityServer4", "{8330EE48-DDA8-4323-962E-392AE3DA916C}"
EndProject
Project("{9A19103F-16F7-4668-BE54-9A1E7A4F7556}") = "Fate.API", "Fate.API\Fate.API.csproj", "{7FC76285-7F61-4368-B555-87BFCFB62792}"
EndProject
Project("{9A19103F-16F7-4668-BE54-9A1E7A4F7556}") = "Fate.Identity", "Fate.Identity\Fate.Identity.csproj", "{DBFA9BD0-4D9B-43FB-BDCD-810579BD5B08}"
EndProject
Project("{9A19103F-16F7-4668-BE54-9A1E7A4F7556}") = "Fate.GateWay", "Fate.GateWay\Fate.GateWay.csproj", "{14DAEF08-3131-4590-B376-3F5580A0160A}"
EndProject
Project("{2150E333-8FDC-42A3-9474-1A3956D46DE8}") = "BuildingBlocks", "BuildingBlocks", "{22333705-811A-4FA3-93C3-7F4563D695AD}"
EndProject
Project("{9A19103F-16F7-4668-BE54-9A1E7A4F7556}") = "Resilience", "Resilience\Resilience.csproj", "{2217E8F0-EDDD-45C1-96C8-C405CDE0688C}"
EndProject
Project("{9A19103F-16F7-4668-BE54-9A1E7A4F7556}") = "Fate.ContactAPI", "Fate.ContactAPI\Fate.ContactAPI.csproj", "{CC47BE8D-4645-4393-96AE-8E1C3B422E22}"
EndProject
Project("{2150E333-8FDC-42A3-9474-1A3956D46DE8}") = "Fate.Project", "Fate.Project", "{4E4E2A97-D714-4960-A063-845C771CD08A}"
EndProject
Project("{9A19103F-16F7-4668-BE54-9A1E7A4F7556}") = "Fate.ProjectAPI", "Fate.ProjectAPI\Fate.ProjectAPI\Fate.ProjectAPI.csproj", "{6657BB38-9C5C-4453-90A8-0F6DEB06A9A3}"
EndProject
Project("{9A19103F-16F7-4668-BE54-9A1E7A4F7556}") = "Fate.Project.Domain", "Fate.Project.Domain\Fate.Project.Domain.csproj", "{85387DCB-6517-42CD-A5CA-33FB905EB17D}"
EndProject
Project("{9A19103F-16F7-4668-BE54-9A1E7A4F7556}") = "Fate.Project.Infrastructure", "Fate.Project.Infrastructure\Fate.Project.Infrastructure.csproj", "{0D269A6E-EF12-4775-AACD-7B2924701B03}"
EndProject
Project("{9A19103F-16F7-4668-BE54-9A1E7A4F7556}") = "Fate.Recommend", "Fate.Recommend\Fate.Recommend.csproj", "{392A300B-2613-4D80-9184-D9FBF014B722}"
EndProject
Project("{FAE04EC0-301F-11D3-BF4B-00C04F79EFBC}") = "Fate.Client", "Fate.Client\Fate.Client.csproj", "{32A06EDC-4150-44E6-91BB-64D210200E06}"
EndProject
Global
	GlobalSection(SolutionConfigurationPlatforms) = preSolution
		Debug|Any CPU = Debug|Any CPU
		Release|Any CPU = Release|Any CPU
	EndGlobalSection
	GlobalSection(ProjectConfigurationPlatforms) = postSolution
		{10D6B4C0-F7E3-4532-9461-8BB5E2AE3420}.Debug|Any CPU.ActiveCfg = Debug|Any CPU
		{10D6B4C0-F7E3-4532-9461-8BB5E2AE3420}.Debug|Any CPU.Build.0 = Debug|Any CPU
		{10D6B4C0-F7E3-4532-9461-8BB5E2AE3420}.Release|Any CPU.ActiveCfg = Release|Any CPU
		{10D6B4C0-F7E3-4532-9461-8BB5E2AE3420}.Release|Any CPU.Build.0 = Release|Any CPU
		{76C371ED-99B9-41E9-9A3B-9AB39348BDB7}.Debug|Any CPU.ActiveCfg = Debug|Any CPU
		{76C371ED-99B9-41E9-9A3B-9AB39348BDB7}.Debug|Any CPU.Build.0 = Debug|Any CPU
		{76C371ED-99B9-41E9-9A3B-9AB39348BDB7}.Release|Any CPU.ActiveCfg = Release|Any CPU
		{76C371ED-99B9-41E9-9A3B-9AB39348BDB7}.Release|Any CPU.Build.0 = Release|Any CPU
		{BA08CCE8-5CB2-454A-A3D6-E231718F98B4}.Debug|Any CPU.ActiveCfg = Debug|Any CPU
		{BA08CCE8-5CB2-454A-A3D6-E231718F98B4}.Debug|Any CPU.Build.0 = Debug|Any CPU
		{BA08CCE8-5CB2-454A-A3D6-E231718F98B4}.Release|Any CPU.ActiveCfg = Release|Any CPU
		{BA08CCE8-5CB2-454A-A3D6-E231718F98B4}.Release|Any CPU.Build.0 = Release|Any CPU
		{107EEEF4-F283-4846-A5BB-247693757581}.Debug|Any CPU.ActiveCfg = Debug|Any CPU
		{107EEEF4-F283-4846-A5BB-247693757581}.Debug|Any CPU.Build.0 = Debug|Any CPU
		{107EEEF4-F283-4846-A5BB-247693757581}.Release|Any CPU.ActiveCfg = Release|Any CPU
		{107EEEF4-F283-4846-A5BB-247693757581}.Release|Any CPU.Build.0 = Release|Any CPU
		{7FC76285-7F61-4368-B555-87BFCFB62792}.Debug|Any CPU.ActiveCfg = Debug|Any CPU
		{7FC76285-7F61-4368-B555-87BFCFB62792}.Debug|Any CPU.Build.0 = Debug|Any CPU
		{7FC76285-7F61-4368-B555-87BFCFB62792}.Release|Any CPU.ActiveCfg = Release|Any CPU
		{7FC76285-7F61-4368-B555-87BFCFB62792}.Release|Any CPU.Build.0 = Release|Any CPU
		{DBFA9BD0-4D9B-43FB-BDCD-810579BD5B08}.Debug|Any CPU.ActiveCfg = Debug|Any CPU
		{DBFA9BD0-4D9B-43FB-BDCD-810579BD5B08}.Debug|Any CPU.Build.0 = Debug|Any CPU
		{DBFA9BD0-4D9B-43FB-BDCD-810579BD5B08}.Release|Any CPU.ActiveCfg = Release|Any CPU
		{DBFA9BD0-4D9B-43FB-BDCD-810579BD5B08}.Release|Any CPU.Build.0 = Release|Any CPU
		{14DAEF08-3131-4590-B376-3F5580A0160A}.Debug|Any CPU.ActiveCfg = Debug|Any CPU
		{14DAEF08-3131-4590-B376-3F5580A0160A}.Debug|Any CPU.Build.0 = Debug|Any CPU
		{14DAEF08-3131-4590-B376-3F5580A0160A}.Release|Any CPU.ActiveCfg = Release|Any CPU
		{14DAEF08-3131-4590-B376-3F5580A0160A}.Release|Any CPU.Build.0 = Release|Any CPU
		{2217E8F0-EDDD-45C1-96C8-C405CDE0688C}.Debug|Any CPU.ActiveCfg = Debug|Any CPU
		{2217E8F0-EDDD-45C1-96C8-C405CDE0688C}.Debug|Any CPU.Build.0 = Debug|Any CPU
		{2217E8F0-EDDD-45C1-96C8-C405CDE0688C}.Release|Any CPU.ActiveCfg = Release|Any CPU
		{2217E8F0-EDDD-45C1-96C8-C405CDE0688C}.Release|Any CPU.Build.0 = Release|Any CPU
		{CC47BE8D-4645-4393-96AE-8E1C3B422E22}.Debug|Any CPU.ActiveCfg = Debug|Any CPU
		{CC47BE8D-4645-4393-96AE-8E1C3B422E22}.Debug|Any CPU.Build.0 = Debug|Any CPU
		{CC47BE8D-4645-4393-96AE-8E1C3B422E22}.Release|Any CPU.ActiveCfg = Release|Any CPU
		{CC47BE8D-4645-4393-96AE-8E1C3B422E22}.Release|Any CPU.Build.0 = Release|Any CPU
		{6657BB38-9C5C-4453-90A8-0F6DEB06A9A3}.Debug|Any CPU.ActiveCfg = Debug|Any CPU
		{6657BB38-9C5C-4453-90A8-0F6DEB06A9A3}.Debug|Any CPU.Build.0 = Debug|Any CPU
		{6657BB38-9C5C-4453-90A8-0F6DEB06A9A3}.Release|Any CPU.ActiveCfg = Release|Any CPU
		{6657BB38-9C5C-4453-90A8-0F6DEB06A9A3}.Release|Any CPU.Build.0 = Release|Any CPU
		{85387DCB-6517-42CD-A5CA-33FB905EB17D}.Debug|Any CPU.ActiveCfg = Debug|Any CPU
		{85387DCB-6517-42CD-A5CA-33FB905EB17D}.Debug|Any CPU.Build.0 = Debug|Any CPU
		{85387DCB-6517-42CD-A5CA-33FB905EB17D}.Release|Any CPU.ActiveCfg = Release|Any CPU
		{85387DCB-6517-42CD-A5CA-33FB905EB17D}.Release|Any CPU.Build.0 = Release|Any CPU
		{0D269A6E-EF12-4775-AACD-7B2924701B03}.Debug|Any CPU.ActiveCfg = Debug|Any CPU
		{0D269A6E-EF12-4775-AACD-7B2924701B03}.Debug|Any CPU.Build.0 = Debug|Any CPU
		{0D269A6E-EF12-4775-AACD-7B2924701B03}.Release|Any CPU.ActiveCfg = Release|Any CPU
		{0D269A6E-EF12-4775-AACD-7B2924701B03}.Release|Any CPU.Build.0 = Release|Any CPU
		{392A300B-2613-4D80-9184-D9FBF014B722}.Debug|Any CPU.ActiveCfg = Debug|Any CPU
		{392A300B-2613-4D80-9184-D9FBF014B722}.Debug|Any CPU.Build.0 = Debug|Any CPU
		{392A300B-2613-4D80-9184-D9FBF014B722}.Release|Any CPU.ActiveCfg = Release|Any CPU
		{392A300B-2613-4D80-9184-D9FBF014B722}.Release|Any CPU.Build.0 = Release|Any CPU
		{32A06EDC-4150-44E6-91BB-64D210200E06}.Debug|Any CPU.ActiveCfg = Debug|Any CPU
		{32A06EDC-4150-44E6-91BB-64D210200E06}.Debug|Any CPU.Build.0 = Debug|Any CPU
		{32A06EDC-4150-44E6-91BB-64D210200E06}.Release|Any CPU.ActiveCfg = Release|Any CPU
		{32A06EDC-4150-44E6-91BB-64D210200E06}.Release|Any CPU.Build.0 = Release|Any CPU
	EndGlobalSection
	GlobalSection(SolutionProperties) = preSolution
		HideSolutionNode = FALSE
	EndGlobalSection
	GlobalSection(NestedProjects) = preSolution
		{10D6B4C0-F7E3-4532-9461-8BB5E2AE3420} = {EF523576-D3A1-4134-949C-59C692EA4ACB}
		{76C371ED-99B9-41E9-9A3B-9AB39348BDB7} = {01EF26BF-FEBA-46D5-949E-53E980AE6A46}
		{BA08CCE8-5CB2-454A-A3D6-E231718F98B4} = {81190C09-DB9F-48BE-A580-DB19B4B2C186}
		{107EEEF4-F283-4846-A5BB-247693757581} = {C69E127D-BCB7-49DC-B1DD-2113B0123F3F}
		{7FC76285-7F61-4368-B555-87BFCFB62792} = {EF523576-D3A1-4134-949C-59C692EA4ACB}
		{DBFA9BD0-4D9B-43FB-BDCD-810579BD5B08} = {8330EE48-DDA8-4323-962E-392AE3DA916C}
		{14DAEF08-3131-4590-B376-3F5580A0160A} = {EF523576-D3A1-4134-949C-59C692EA4ACB}
		{22333705-811A-4FA3-93C3-7F4563D695AD} = {01EF26BF-FEBA-46D5-949E-53E980AE6A46}
		{2217E8F0-EDDD-45C1-96C8-C405CDE0688C} = {22333705-811A-4FA3-93C3-7F4563D695AD}
		{CC47BE8D-4645-4393-96AE-8E1C3B422E22} = {EF523576-D3A1-4134-949C-59C692EA4ACB}
		{6657BB38-9C5C-4453-90A8-0F6DEB06A9A3} = {4E4E2A97-D714-4960-A063-845C771CD08A}
		{85387DCB-6517-42CD-A5CA-33FB905EB17D} = {4E4E2A97-D714-4960-A063-845C771CD08A}
		{0D269A6E-EF12-4775-AACD-7B2924701B03} = {4E4E2A97-D714-4960-A063-845C771CD08A}
		{392A300B-2613-4D80-9184-D9FBF014B722} = {EF523576-D3A1-4134-949C-59C692EA4ACB}
		{32A06EDC-4150-44E6-91BB-64D210200E06} = {EF523576-D3A1-4134-949C-59C692EA4ACB}
	EndGlobalSection
	GlobalSection(ExtensibilityGlobals) = postSolution
		SolutionGuid = {4DD62604-E04D-4731-A714-45BCE25B937B}
	EndGlobalSection
EndGlobal
